
Microsoft Visual Studio Solution File, Format Version 12.00
# 
Project("{FAE04EC0-301F-11D3-BF4B-00C04F79EFBC}") = "day1", "day1\day1.csproj", "{98EB2D4A-3EBE-43AC-88E4-51588DE51349}"
EndProject
Project("{FAE04EC0-301F-11D3-BF4B-00C04F79EFBC}") = "day2", "day2\day2.csproj", "{83953223-0B8D-45FC-8404-EEE3EFEA6B79}"
EndProject
Project("{FAE04EC0-301F-11D3-BF4B-00C04F79EFBC}") = "day3", "day3\day3.csproj", "{516DD38E-76E3-4C4C-BC32-3EAE6E7B0CD6}"
EndProject
Project("{FAE04EC0-301F-11D3-BF4B-00C04F79EFBC}") = "day4", "day4\day4.csproj", "{941463AC-82CA-416A-8731-BA6F85C3BDC9}"
EndProject
Project("{FAE04EC0-301F-11D3-BF4B-00C04F79EFBC}") = "CommonHelpers", "CommonHelpers\CommonHelpers.csproj", "{1437C083-6DE3-4BCF-8A88-B0DFBC1E8DA5}"
EndProject
Project("{FAE04EC0-301F-11D3-BF4B-00C04F79EFBC}") = "day5", "day5\day5.csproj", "{25F2F2F3-7326-4776-8E92-369372347694}"
EndProject
Project("{FAE04EC0-301F-11D3-BF4B-00C04F79EFBC}") = "day6", "day6\day6.csproj", "{C80B268D-BC15-4AD1-8894-16D144CEFAB1}"
EndProject
Project("{FAE04EC0-301F-11D3-BF4B-00C04F79EFBC}") = "day7", "day7\day7.csproj", "{B47B0150-5AB8-4787-AC32-B3AFD75680A2}"
EndProject
Project("{FAE04EC0-301F-11D3-BF4B-00C04F79EFBC}") = "day8", "day8\day8.csproj", "{791F9396-F6B9-434B-8E68-E83BAD3F0617}"
EndProject
Project("{FAE04EC0-301F-11D3-BF4B-00C04F79EFBC}") = "day9", "day9\day9.csproj", "{A08971CC-22CB-401D-B974-ABEAFC6468E4}"
EndProject
Project("{FAE04EC0-301F-11D3-BF4B-00C04F79EFBC}") = "day10", "day10\day10.csproj", "{8C45B053-0A5B-4671-8EC2-6941D9803781}"
EndProject
Project("{FAE04EC0-301F-11D3-BF4B-00C04F79EFBC}") = "day11", "day11\day11.csproj", "{BADF4946-3A5A-4182-8B99-90D90735DE1F}"
EndProject
Project("{FAE04EC0-301F-11D3-BF4B-00C04F79EFBC}") = "day12", "day12\day12.csproj", "{A2110A36-128D-4FAE-A4D3-58A22321212D}"
EndProject
Project("{FAE04EC0-301F-11D3-BF4B-00C04F79EFBC}") = "day13", "day13\day13.csproj", "{87997FDA-4A4D-48F7-8E2B-9E3DC593AA3E}"
EndProject
Global
	GlobalSection(SolutionConfigurationPlatforms) = preSolution
		Debug|Any CPU = Debug|Any CPU
		Release|Any CPU = Release|Any CPU
	EndGlobalSection
	GlobalSection(ProjectConfigurationPlatforms) = postSolution
		{98EB2D4A-3EBE-43AC-88E4-51588DE51349}.Debug|Any CPU.ActiveCfg = Debug|Any CPU
		{98EB2D4A-3EBE-43AC-88E4-51588DE51349}.Debug|Any CPU.Build.0 = Debug|Any CPU
		{98EB2D4A-3EBE-43AC-88E4-51588DE51349}.Release|Any CPU.ActiveCfg = Release|Any CPU
		{98EB2D4A-3EBE-43AC-88E4-51588DE51349}.Release|Any CPU.Build.0 = Release|Any CPU
		{83953223-0B8D-45FC-8404-EEE3EFEA6B79}.Debug|Any CPU.ActiveCfg = Debug|Any CPU
		{83953223-0B8D-45FC-8404-EEE3EFEA6B79}.Debug|Any CPU.Build.0 = Debug|Any CPU
		{83953223-0B8D-45FC-8404-EEE3EFEA6B79}.Release|Any CPU.ActiveCfg = Release|Any CPU
		{83953223-0B8D-45FC-8404-EEE3EFEA6B79}.Release|Any CPU.Build.0 = Release|Any CPU
		{516DD38E-76E3-4C4C-BC32-3EAE6E7B0CD6}.Debug|Any CPU.ActiveCfg = Debug|Any CPU
		{516DD38E-76E3-4C4C-BC32-3EAE6E7B0CD6}.Debug|Any CPU.Build.0 = Debug|Any CPU
		{516DD38E-76E3-4C4C-BC32-3EAE6E7B0CD6}.Release|Any CPU.ActiveCfg = Release|Any CPU
		{516DD38E-76E3-4C4C-BC32-3EAE6E7B0CD6}.Release|Any CPU.Build.0 = Release|Any CPU
		{941463AC-82CA-416A-8731-BA6F85C3BDC9}.Debug|Any CPU.ActiveCfg = Debug|Any CPU
		{941463AC-82CA-416A-8731-BA6F85C3BDC9}.Debug|Any CPU.Build.0 = Debug|Any CPU
		{941463AC-82CA-416A-8731-BA6F85C3BDC9}.Release|Any CPU.ActiveCfg = Release|Any CPU
		{941463AC-82CA-416A-8731-BA6F85C3BDC9}.Release|Any CPU.Build.0 = Release|Any CPU
		{1437C083-6DE3-4BCF-8A88-B0DFBC1E8DA5}.Debug|Any CPU.ActiveCfg = Debug|Any CPU
		{1437C083-6DE3-4BCF-8A88-B0DFBC1E8DA5}.Debug|Any CPU.Build.0 = Debug|Any CPU
		{1437C083-6DE3-4BCF-8A88-B0DFBC1E8DA5}.Release|Any CPU.ActiveCfg = Release|Any CPU
		{1437C083-6DE3-4BCF-8A88-B0DFBC1E8DA5}.Release|Any CPU.Build.0 = Release|Any CPU
		{25F2F2F3-7326-4776-8E92-369372347694}.Debug|Any CPU.ActiveCfg = Debug|Any CPU
		{25F2F2F3-7326-4776-8E92-369372347694}.Debug|Any CPU.Build.0 = Debug|Any CPU
		{25F2F2F3-7326-4776-8E92-369372347694}.Release|Any CPU.ActiveCfg = Release|Any CPU
		{25F2F2F3-7326-4776-8E92-369372347694}.Release|Any CPU.Build.0 = Release|Any CPU
		{C80B268D-BC15-4AD1-8894-16D144CEFAB1}.Debug|Any CPU.ActiveCfg = Debug|Any CPU
		{C80B268D-BC15-4AD1-8894-16D144CEFAB1}.Debug|Any CPU.Build.0 = Debug|Any CPU
		{C80B268D-BC15-4AD1-8894-16D144CEFAB1}.Release|Any CPU.ActiveCfg = Release|Any CPU
		{C80B268D-BC15-4AD1-8894-16D144CEFAB1}.Release|Any CPU.Build.0 = Release|Any CPU
		{B47B0150-5AB8-4787-AC32-B3AFD75680A2}.Debug|Any CPU.ActiveCfg = Debug|Any CPU
		{B47B0150-5AB8-4787-AC32-B3AFD75680A2}.Debug|Any CPU.Build.0 = Debug|Any CPU
		{B47B0150-5AB8-4787-AC32-B3AFD75680A2}.Release|Any CPU.ActiveCfg = Release|Any CPU
		{B47B0150-5AB8-4787-AC32-B3AFD75680A2}.Release|Any CPU.Build.0 = Release|Any CPU
		{791F9396-F6B9-434B-8E68-E83BAD3F0617}.Debug|Any CPU.ActiveCfg = Debug|Any CPU
		{791F9396-F6B9-434B-8E68-E83BAD3F0617}.Debug|Any CPU.Build.0 = Debug|Any CPU
		{791F9396-F6B9-434B-8E68-E83BAD3F0617}.Release|Any CPU.ActiveCfg = Release|Any CPU
		{791F9396-F6B9-434B-8E68-E83BAD3F0617}.Release|Any CPU.Build.0 = Release|Any CPU
		{A08971CC-22CB-401D-B974-ABEAFC6468E4}.Debug|Any CPU.ActiveCfg = Debug|Any CPU
		{A08971CC-22CB-401D-B974-ABEAFC6468E4}.Debug|Any CPU.Build.0 = Debug|Any CPU
		{A08971CC-22CB-401D-B974-ABEAFC6468E4}.Release|Any CPU.ActiveCfg = Release|Any CPU
		{A08971CC-22CB-401D-B974-ABEAFC6468E4}.Release|Any CPU.Build.0 = Release|Any CPU
		{8C45B053-0A5B-4671-8EC2-6941D9803781}.Debug|Any CPU.ActiveCfg = Debug|Any CPU
		{8C45B053-0A5B-4671-8EC2-6941D9803781}.Debug|Any CPU.Build.0 = Debug|Any CPU
		{8C45B053-0A5B-4671-8EC2-6941D9803781}.Release|Any CPU.ActiveCfg = Release|Any CPU
		{8C45B053-0A5B-4671-8EC2-6941D9803781}.Release|Any CPU.Build.0 = Release|Any CPU
		{BADF4946-3A5A-4182-8B99-90D90735DE1F}.Debug|Any CPU.ActiveCfg = Debug|Any CPU
		{BADF4946-3A5A-4182-8B99-90D90735DE1F}.Debug|Any CPU.Build.0 = Debug|Any CPU
		{BADF4946-3A5A-4182-8B99-90D90735DE1F}.Release|Any CPU.ActiveCfg = Release|Any CPU
		{BADF4946-3A5A-4182-8B99-90D90735DE1F}.Release|Any CPU.Build.0 = Release|Any CPU
		{A2110A36-128D-4FAE-A4D3-58A22321212D}.Debug|Any CPU.ActiveCfg = Debug|Any CPU
		{A2110A36-128D-4FAE-A4D3-58A22321212D}.Debug|Any CPU.Build.0 = Debug|Any CPU
		{A2110A36-128D-4FAE-A4D3-58A22321212D}.Release|Any CPU.ActiveCfg = Release|Any CPU
		{A2110A36-128D-4FAE-A4D3-58A22321212D}.Release|Any CPU.Build.0 = Release|Any CPU
		{87997FDA-4A4D-48F7-8E2B-9E3DC593AA3E}.Debug|Any CPU.ActiveCfg = Debug|Any CPU
		{87997FDA-4A4D-48F7-8E2B-9E3DC593AA3E}.Debug|Any CPU.Build.0 = Debug|Any CPU
		{87997FDA-4A4D-48F7-8E2B-9E3DC593AA3E}.Release|Any CPU.ActiveCfg = Release|Any CPU
		{87997FDA-4A4D-48F7-8E2B-9E3DC593AA3E}.Release|Any CPU.Build.0 = Release|Any CPU
	EndGlobalSection
EndGlobal
